Microsoft Visual Studio Solution File, Format Version 12.00
# Visual Studio Version 17
VisualStudioVersion = 17.4.33205.214
MinimumVisualStudioVersion = 10.0.40219.1
Project("{9A19103F-16F7-4668-BE54-9A1E7A4F7556}") = "Microcharts", "Microcharts\Microcharts.csproj", "{64C95EA6-15C7-4CE5-8F00-FE001EC180AE}"
EndProject
Project("{2150E333-8FDC-42A3-9474-1A3956D46DE8}") = "Platforms", "Platforms", "{35FA98C1-AC74-4622-8B8E-1C92BD12F18E}"
EndProject
Project("{2150E333-8FDC-42A3-9474-1A3956D46DE8}") = "Samples", "Samples", "{4F0AFDCA-C6AB-43A5-9F52-C271DCDC46FD}"
EndProject
Project("{9A19103F-16F7-4668-BE54-9A1E7A4F7556}") = "Microcharts.Samples", "Microcharts.Samples\Microcharts.Samples.csproj", "{299BCEF9-2A16-4AA0-81EE-1DC075F18FED}"
EndProject
Project("{9A19103F-16F7-4668-BE54-9A1E7A4F7556}") = "Microcharts.Maui", "Microcharts.Maui\Microcharts.Maui.csproj", "{D0E9420B-C2D7-4556-9117-4F7C9009C0EE}"
EndProject
Project("{9A19103F-16F7-4668-BE54-9A1E7A4F7556}") = "Microcharts.Samples.Maui", "Microcharts.Samples.Maui\Microcharts.Samples.Maui.csproj", "{5B563D75-B77C-437F-92AE-0AE4BA3E4E52}"
EndProject
Project("{2150E333-8FDC-42A3-9474-1A3956D46DE8}") = "Solution Items", "Solution Items", "{A0AF5E95-DCE8-44D6-B2F1-CBEC22A07345}"
	ProjectSection(SolutionItems) = preProject
		..\.github\workflows\CI-MacOS.yml = ..\.github\workflows\CI-MacOS.yml
		..\.github\workflows\CI-Windows.yml = ..\.github\workflows\CI-Windows.yml
		Directory.Build.props = Directory.Build.props
		Nuget.config = Nuget.config
		..\.github\workflows\pull-request.yml = ..\.github\workflows\pull-request.yml
		..\README.md = ..\README.md
	EndProjectSection
EndProject
Project("{9A19103F-16F7-4668-BE54-9A1E7A4F7556}") = "Microcharts.Metapackage", "Microcharts.MetaPackage\Microcharts.Metapackage.csproj", "{592409B0-CDA6-46DA-A5EF-018FE9CFEAFE}"
EndProject
Global
	GlobalSection(SolutionConfigurationPlatforms) = preSolution
		Ad-Hoc|Any CPU = Ad-Hoc|Any CPU
		Ad-Hoc|ARM = Ad-Hoc|ARM
		Ad-Hoc|arm64 = Ad-Hoc|arm64
		Ad-Hoc|iPhone = Ad-Hoc|iPhone
		Ad-Hoc|iPhoneSimulator = Ad-Hoc|iPhoneSimulator
		Ad-Hoc|x64 = Ad-Hoc|x64
		Ad-Hoc|x86 = Ad-Hoc|x86
		AppStore|Any CPU = AppStore|Any CPU
		AppStore|ARM = AppStore|ARM
		AppStore|arm64 = AppStore|arm64
		AppStore|iPhone = AppStore|iPhone
		AppStore|iPhoneSimulator = AppStore|iPhoneSimulator
		AppStore|x64 = AppStore|x64
		AppStore|x86 = AppStore|x86
		Debug|Any CPU = Debug|Any CPU
		Debug|ARM = Debug|ARM
		Debug|arm64 = Debug|arm64
		Debug|iPhone = Debug|iPhone
		Debug|iPhoneSimulator = Debug|iPhoneSimulator
		Debug|x64 = Debug|x64
		Debug|x86 = Debug|x86
		Release|Any CPU = Release|Any CPU
		Release|ARM = Release|ARM
		Release|arm64 = Release|arm64
		Release|iPhone = Release|iPhone
		Release|iPhoneSimulator = Release|iPhoneSimulator
		Release|x64 = Release|x64
		Release|x86 = Release|x86
	EndGlobalSection
	GlobalSection(ProjectConfigurationPlatforms) = postSolution
		{64C95EA6-15C7-4CE5-8F00-FE001EC180AE}.Ad-Hoc|Any CPU.ActiveCfg = Debug|Any CPU
		{64C95EA6-15C7-4CE5-8F00-FE001EC180AE}.Ad-Hoc|Any CPU.Build.0 = Debug|Any CPU
		{64C95EA6-15C7-4CE5-8F00-FE001EC180AE}.Ad-Hoc|ARM.ActiveCfg = Debug|Any CPU
		{64C95EA6-15C7-4CE5-8F00-FE001EC180AE}.Ad-Hoc|ARM.Build.0 = Debug|Any CPU
		{64C95EA6-15C7-4CE5-8F00-FE001EC180AE}.Ad-Hoc|arm64.ActiveCfg = Debug|Any CPU
		{64C95EA6-15C7-4CE5-8F00-FE001EC180AE}.Ad-Hoc|arm64.Build.0 = Debug|Any CPU
		{64C95EA6-15C7-4CE5-8F00-FE001EC180AE}.Ad-Hoc|iPhone.ActiveCfg = Debug|Any CPU
		{64C95EA6-15C7-4CE5-8F00-FE001EC180AE}.Ad-Hoc|iPhone.Build.0 = Debug|Any CPU
		{64C95EA6-15C7-4CE5-8F00-FE001EC180AE}.Ad-Hoc|iPhoneSimulator.ActiveCfg = Debug|Any CPU
		{64C95EA6-15C7-4CE5-8F00-FE001EC180AE}.Ad-Hoc|iPhoneSimulator.Build.0 = Debug|Any CPU
		{64C95EA6-15C7-4CE5-8F00-FE001EC180AE}.Ad-Hoc|x64.ActiveCfg = Debug|Any CPU
		{64C95EA6-15C7-4CE5-8F00-FE001EC180AE}.Ad-Hoc|x64.Build.0 = Debug|Any CPU
		{64C95EA6-15C7-4CE5-8F00-FE001EC180AE}.Ad-Hoc|x86.ActiveCfg = Debug|Any CPU
		{64C95EA6-15C7-4CE5-8F00-FE001EC180AE}.Ad-Hoc|x86.Build.0 = Debug|Any CPU
		{64C95EA6-15C7-4CE5-8F00-FE001EC180AE}.AppStore|Any CPU.ActiveCfg = Debug|Any CPU
		{64C95EA6-15C7-4CE5-8F00-FE001EC180AE}.AppStore|Any CPU.Build.0 = Debug|Any CPU
		{64C95EA6-15C7-4CE5-8F00-FE001EC180AE}.AppStore|ARM.ActiveCfg = Debug|Any CPU
		{64C95EA6-15C7-4CE5-8F00-FE001EC180AE}.AppStore|ARM.Build.0 = Debug|Any CPU
		{64C95EA6-15C7-4CE5-8F00-FE001EC180AE}.AppStore|arm64.ActiveCfg = Debug|Any CPU
		{64C95EA6-15C7-4CE5-8F00-FE001EC180AE}.AppStore|arm64.Build.0 = Debug|Any CPU
		{64C95EA6-15C7-4CE5-8F00-FE001EC180AE}.AppStore|iPhone.ActiveCfg = Debug|Any CPU
		{64C95EA6-15C7-4CE5-8F00-FE001EC180AE}.AppStore|iPhone.Build.0 = Debug|Any CPU
		{64C95EA6-15C7-4CE5-8F00-FE001EC180AE}.AppStore|iPhoneSimulator.ActiveCfg = Debug|Any CPU
		{64C95EA6-15C7-4CE5-8F00-FE001EC180AE}.AppStore|iPhoneSimulator.Build.0 = Debug|Any CPU
		{64C95EA6-15C7-4CE5-8F00-FE001EC180AE}.AppStore|x64.ActiveCfg = Debug|Any CPU
		{64C95EA6-15C7-4CE5-8F00-FE001EC180AE}.AppStore|x64.Build.0 = Debug|Any CPU
		{64C95EA6-15C7-4CE5-8F00-FE001EC180AE}.AppStore|x86.ActiveCfg = Debug|Any CPU
		{64C95EA6-15C7-4CE5-8F00-FE001EC180AE}.AppStore|x86.Build.0 = Debug|Any CPU
		{64C95EA6-15C7-4CE5-8F00-FE001EC180AE}.Debug|Any CPU.ActiveCfg = Debug|Any CPU
		{64C95EA6-15C7-4CE5-8F00-FE001EC180AE}.Debug|Any CPU.Build.0 = Debug|Any CPU
		{64C95EA6-15C7-4CE5-8F00-FE001EC180AE}.Debug|ARM.ActiveCfg = Debug|Any CPU
		{64C95EA6-15C7-4CE5-8F00-FE001EC180AE}.Debug|ARM.Build.0 = Debug|Any CPU
		{64C95EA6-15C7-4CE5-8F00-FE001EC180AE}.Debug|arm64.ActiveCfg = Debug|Any CPU
		{64C95EA6-15C7-4CE5-8F00-FE001EC180AE}.Debug|arm64.Build.0 = Debug|Any CPU
		{64C95EA6-15C7-4CE5-8F00-FE001EC180AE}.Debug|iPhone.ActiveCfg = Debug|Any CPU
		{64C95EA6-15C7-4CE5-8F00-FE001EC180AE}.Debug|iPhone.Build.0 = Debug|Any CPU
		{64C95EA6-15C7-4CE5-8F00-FE001EC180AE}.Debug|iPhoneSimulator.ActiveCfg = Debug|Any CPU
		{64C95EA6-15C7-4CE5-8F00-FE001EC180AE}.Debug|iPhoneSimulator.Build.0 = Debug|Any CPU
		{64C95EA6-15C7-4CE5-8F00-FE001EC180AE}.Debug|x64.ActiveCfg = Debug|Any CPU
		{64C95EA6-15C7-4CE5-8F00-FE001EC180AE}.Debug|x64.Build.0 = Debug|Any CPU
		{64C95EA6-15C7-4CE5-8F00-FE001EC180AE}.Debug|x86.ActiveCfg = Debug|Any CPU
		{64C95EA6-15C7-4CE5-8F00-FE001EC180AE}.Debug|x86.Build.0 = Debug|Any CPU
		{64C95EA6-15C7-4CE5-8F00-FE001EC180AE}.Release|Any CPU.ActiveCfg = Release|Any CPU
		{64C95EA6-15C7-4CE5-8F00-FE001EC180AE}.Release|Any CPU.Build.0 = Release|Any CPU
		{64C95EA6-15C7-4CE5-8F00-FE001EC180AE}.Release|ARM.ActiveCfg = Release|Any CPU
		{64C95EA6-15C7-4CE5-8F00-FE001EC180AE}.Release|ARM.Build.0 = Release|Any CPU
		{64C95EA6-15C7-4CE5-8F00-FE001EC180AE}.Release|arm64.ActiveCfg = Release|Any CPU
		{64C95EA6-15C7-4CE5-8F00-FE001EC180AE}.Release|arm64.Build.0 = Release|Any CPU
		{64C95EA6-15C7-4CE5-8F00-FE001EC180AE}.Release|iPhone.ActiveCfg = Release|Any CPU
		{64C95EA6-15C7-4CE5-8F00-FE001EC180AE}.Release|iPhone.Build.0 = Release|Any CPU
		{64C95EA6-15C7-4CE5-8F00-FE001EC180AE}.Release|iPhoneSimulator.ActiveCfg = Release|Any CPU
		{64C95EA6-15C7-4CE5-8F00-FE001EC180AE}.Release|iPhoneSimulator.Build.0 = Release|Any CPU
		{64C95EA6-15C7-4CE5-8F00-FE001EC180AE}.Release|x64.ActiveCfg = Release|Any CPU
		{64C95EA6-15C7-4CE5-8F00-FE001EC180AE}.Release|x64.Build.0 = Release|Any CPU
		{64C95EA6-15C7-4CE5-8F00-FE001EC180AE}.Release|x86.ActiveCfg = Release|Any CPU
		{64C95EA6-15C7-4CE5-8F00-FE001EC180AE}.Release|x86.Build.0 = Release|Any CPU
		{299BCEF9-2A16-4AA0-81EE-1DC075F18FED}.Ad-Hoc|Any CPU.ActiveCfg = Debug|Any CPU
		{299BCEF9-2A16-4AA0-81EE-1DC075F18FED}.Ad-Hoc|Any CPU.Build.0 = Debug|Any CPU
		{299BCEF9-2A16-4AA0-81EE-1DC075F18FED}.Ad-Hoc|ARM.ActiveCfg = Debug|Any CPU
		{299BCEF9-2A16-4AA0-81EE-1DC075F18FED}.Ad-Hoc|ARM.Build.0 = Debug|Any CPU
		{299BCEF9-2A16-4AA0-81EE-1DC075F18FED}.Ad-Hoc|arm64.ActiveCfg = Debug|Any CPU
		{299BCEF9-2A16-4AA0-81EE-1DC075F18FED}.Ad-Hoc|arm64.Build.0 = Debug|Any CPU
		{299BCEF9-2A16-4AA0-81EE-1DC075F18FED}.Ad-Hoc|iPhone.ActiveCfg = Debug|Any CPU
		{299BCEF9-2A16-4AA0-81EE-1DC075F18FED}.Ad-Hoc|iPhone.Build.0 = Debug|Any CPU
		{299BCEF9-2A16-4AA0-81EE-1DC075F18FED}.Ad-Hoc|iPhoneSimulator.ActiveCfg = Debug|Any CPU
		{299BCEF9-2A16-4AA0-81EE-1DC075F18FED}.Ad-Hoc|iPhoneSimulator.Build.0 = Debug|Any CPU
		{299BCEF9-2A16-4AA0-81EE-1DC075F18FED}.Ad-Hoc|x64.ActiveCfg = Debug|Any CPU
		{299BCEF9-2A16-4AA0-81EE-1DC075F18FED}.Ad-Hoc|x64.Build.0 = Debug|Any CPU
		{299BCEF9-2A16-4AA0-81EE-1DC075F18FED}.Ad-Hoc|x86.ActiveCfg = Debug|Any CPU
		{299BCEF9-2A16-4AA0-81EE-1DC075F18FED}.Ad-Hoc|x86.Build.0 = Debug|Any CPU
		{299BCEF9-2A16-4AA0-81EE-1DC075F18FED}.AppStore|Any CPU.ActiveCfg = Debug|Any CPU
		{299BCEF9-2A16-4AA0-81EE-1DC075F18FED}.AppStore|Any CPU.Build.0 = Debug|Any CPU
		{299BCEF9-2A16-4AA0-81EE-1DC075F18FED}.AppStore|ARM.ActiveCfg = Debug|Any CPU
		{299BCEF9-2A16-4AA0-81EE-1DC075F18FED}.AppStore|ARM.Build.0 = Debug|Any CPU
		{299BCEF9-2A16-4AA0-81EE-1DC075F18FED}.AppStore|arm64.ActiveCfg = Debug|Any CPU
		{299BCEF9-2A16-4AA0-81EE-1DC075F18FED}.AppStore|arm64.Build.0 = Debug|Any CPU
		{299BCEF9-2A16-4AA0-81EE-1DC075F18FED}.AppStore|iPhone.ActiveCfg = Debug|Any CPU
		{299BCEF9-2A16-4AA0-81EE-1DC075F18FED}.AppStore|iPhone.Build.0 = Debug|Any CPU
		{299BCEF9-2A16-4AA0-81EE-1DC075F18FED}.AppStore|iPhoneSimulator.ActiveCfg = Debug|Any CPU
		{299BCEF9-2A16-4AA0-81EE-1DC075F18FED}.AppStore|iPhoneSimulator.Build.0 = Debug|Any CPU
		{299BCEF9-2A16-4AA0-81EE-1DC075F18FED}.AppStore|x64.ActiveCfg = Debug|Any CPU
		{299BCEF9-2A16-4AA0-81EE-1DC075F18FED}.AppStore|x64.Build.0 = Debug|Any CPU
		{299BCEF9-2A16-4AA0-81EE-1DC075F18FED}.AppStore|x86.ActiveCfg = Debug|Any CPU
		{299BCEF9-2A16-4AA0-81EE-1DC075F18FED}.AppStore|x86.Build.0 = Debug|Any CPU
		{299BCEF9-2A16-4AA0-81EE-1DC075F18FED}.Debug|Any CPU.ActiveCfg = Debug|Any CPU
		{299BCEF9-2A16-4AA0-81EE-1DC075F18FED}.Debug|Any CPU.Build.0 = Debug|Any CPU
		{299BCEF9-2A16-4AA0-81EE-1DC075F18FED}.Debug|ARM.ActiveCfg = Debug|Any CPU
		{299BCEF9-2A16-4AA0-81EE-1DC075F18FED}.Debug|ARM.Build.0 = Debug|Any CPU
		{299BCEF9-2A16-4AA0-81EE-1DC075F18FED}.Debug|arm64.ActiveCfg = Debug|Any CPU
		{299BCEF9-2A16-4AA0-81EE-1DC075F18FED}.Debug|arm64.Build.0 = Debug|Any CPU
		{299BCEF9-2A16-4AA0-81EE-1DC075F18FED}.Debug|iPhone.ActiveCfg = Debug|Any CPU
		{299BCEF9-2A16-4AA0-81EE-1DC075F18FED}.Debug|iPhone.Build.0 = Debug|Any CPU
		{299BCEF9-2A16-4AA0-81EE-1DC075F18FED}.Debug|iPhoneSimulator.ActiveCfg = Debug|Any CPU
		{299BCEF9-2A16-4AA0-81EE-1DC075F18FED}.Debug|iPhoneSimulator.Build.0 = Debug|Any CPU
		{299BCEF9-2A16-4AA0-81EE-1DC075F18FED}.Debug|x64.ActiveCfg = Debug|Any CPU
		{299BCEF9-2A16-4AA0-81EE-1DC075F18FED}.Debug|x64.Build.0 = Debug|Any CPU
		{299BCEF9-2A16-4AA0-81EE-1DC075F18FED}.Debug|x86.ActiveCfg = Debug|Any CPU
		{299BCEF9-2A16-4AA0-81EE-1DC075F18FED}.Debug|x86.Build.0 = Debug|Any CPU
		{299BCEF9-2A16-4AA0-81EE-1DC075F18FED}.Release|Any CPU.ActiveCfg = Release|Any CPU
		{299BCEF9-2A16-4AA0-81EE-1DC075F18FED}.Release|Any CPU.Build.0 = Release|Any CPU
		{299BCEF9-2A16-4AA0-81EE-1DC075F18FED}.Release|ARM.ActiveCfg = Release|Any CPU
		{299BCEF9-2A16-4AA0-81EE-1DC075F18FED}.Release|ARM.Build.0 = Release|Any CPU
		{299BCEF9-2A16-4AA0-81EE-1DC075F18FED}.Release|arm64.ActiveCfg = Release|Any CPU
		{299BCEF9-2A16-4AA0-81EE-1DC075F18FED}.Release|arm64.Build.0 = Release|Any CPU
		{299BCEF9-2A16-4AA0-81EE-1DC075F18FED}.Release|iPhone.ActiveCfg = Release|Any CPU
		{299BCEF9-2A16-4AA0-81EE-1DC075F18FED}.Release|iPhone.Build.0 = Release|Any CPU
		{299BCEF9-2A16-4AA0-81EE-1DC075F18FED}.Release|iPhoneSimulator.ActiveCfg = Release|Any CPU
		{299BCEF9-2A16-4AA0-81EE-1DC075F18FED}.Release|iPhoneSimulator.Build.0 = Release|Any CPU
		{299BCEF9-2A16-4AA0-81EE-1DC075F18FED}.Release|x64.ActiveCfg = Release|Any CPU
		{299BCEF9-2A16-4AA0-81EE-1DC075F18FED}.Release|x64.Build.0 = Release|Any CPU
		{299BCEF9-2A16-4AA0-81EE-1DC075F18FED}.Release|x86.ActiveCfg = Release|Any CPU
		{299BCEF9-2A16-4AA0-81EE-1DC075F18FED}.Release|x86.Build.0 = Release|Any CPU
		{D0E9420B-C2D7-4556-9117-4F7C9009C0EE}.Ad-Hoc|Any CPU.ActiveCfg = Debug|Any CPU
		{D0E9420B-C2D7-4556-9117-4F7C9009C0EE}.Ad-Hoc|Any CPU.Build.0 = Debug|Any CPU
		{D0E9420B-C2D7-4556-9117-4F7C9009C0EE}.Ad-Hoc|ARM.ActiveCfg = Debug|Any CPU
		{D0E9420B-C2D7-4556-9117-4F7C9009C0EE}.Ad-Hoc|ARM.Build.0 = Debug|Any CPU
		{D0E9420B-C2D7-4556-9117-4F7C9009C0EE}.Ad-Hoc|arm64.ActiveCfg = Debug|Any CPU
		{D0E9420B-C2D7-4556-9117-4F7C9009C0EE}.Ad-Hoc|arm64.Build.0 = Debug|Any CPU
		{D0E9420B-C2D7-4556-9117-4F7C9009C0EE}.Ad-Hoc|iPhone.ActiveCfg = Debug|Any CPU
		{D0E9420B-C2D7-4556-9117-4F7C9009C0EE}.Ad-Hoc|iPhone.Build.0 = Debug|Any CPU
		{D0E9420B-C2D7-4556-9117-4F7C9009C0EE}.Ad-Hoc|iPhoneSimulator.ActiveCfg = Debug|Any CPU
		{D0E9420B-C2D7-4556-9117-4F7C9009C0EE}.Ad-Hoc|iPhoneSimulator.Build.0 = Debug|Any CPU
		{D0E9420B-C2D7-4556-9117-4F7C9009C0EE}.Ad-Hoc|x64.ActiveCfg = Debug|Any CPU
		{D0E9420B-C2D7-4556-9117-4F7C9009C0EE}.Ad-Hoc|x64.Build.0 = Debug|Any CPU
		{D0E9420B-C2D7-4556-9117-4F7C9009C0EE}.Ad-Hoc|x86.ActiveCfg = Debug|Any CPU
		{D0E9420B-C2D7-4556-9117-4F7C9009C0EE}.Ad-Hoc|x86.Build.0 = Debug|Any CPU
		{D0E9420B-C2D7-4556-9117-4F7C9009C0EE}.AppStore|Any CPU.ActiveCfg = Debug|Any CPU
		{D0E9420B-C2D7-4556-9117-4F7C9009C0EE}.AppStore|Any CPU.Build.0 = Debug|Any CPU
		{D0E9420B-C2D7-4556-9117-4F7C9009C0EE}.AppStore|ARM.ActiveCfg = Debug|Any CPU
		{D0E9420B-C2D7-4556-9117-4F7C9009C0EE}.AppStore|ARM.Build.0 = Debug|Any CPU
		{D0E9420B-C2D7-4556-9117-4F7C9009C0EE}.AppStore|arm64.ActiveCfg = Debug|Any CPU
		{D0E9420B-C2D7-4556-9117-4F7C9009C0EE}.AppStore|arm64.Build.0 = Debug|Any CPU
		{D0E9420B-C2D7-4556-9117-4F7C9009C0EE}.AppStore|iPhone.ActiveCfg = Debug|Any CPU
		{D0E9420B-C2D7-4556-9117-4F7C9009C0EE}.AppStore|iPhone.Build.0 = Debug|Any CPU
		{D0E9420B-C2D7-4556-9117-4F7C9009C0EE}.AppStore|iPhoneSimulator.ActiveCfg = Debug|Any CPU
		{D0E9420B-C2D7-4556-9117-4F7C9009C0EE}.AppStore|iPhoneSimulator.Build.0 = Debug|Any CPU
		{D0E9420B-C2D7-4556-9117-4F7C9009C0EE}.AppStore|x64.ActiveCfg = Debug|Any CPU
		{D0E9420B-C2D7-4556-9117-4F7C9009C0EE}.AppStore|x64.Build.0 = Debug|Any CPU
		{D0E9420B-C2D7-4556-9117-4F7C9009C0EE}.AppStore|x86.ActiveCfg = Debug|Any CPU
		{D0E9420B-C2D7-4556-9117-4F7C9009C0EE}.AppStore|x86.Build.0 = Debug|Any CPU
		{D0E9420B-C2D7-4556-9117-4F7C9009C0EE}.Debug|Any CPU.ActiveCfg = Debug|Any CPU
		{D0E9420B-C2D7-4556-9117-4F7C9009C0EE}.Debug|Any CPU.Build.0 = Debug|Any CPU
		{D0E9420B-C2D7-4556-9117-4F7C9009C0EE}.Debug|ARM.ActiveCfg = Debug|Any CPU
		{D0E9420B-C2D7-4556-9117-4F7C9009C0EE}.Debug|ARM.Build.0 = Debug|Any CPU
		{D0E9420B-C2D7-4556-9117-4F7C9009C0EE}.Debug|arm64.ActiveCfg = Debug|Any CPU
		{D0E9420B-C2D7-4556-9117-4F7C9009C0EE}.Debug|arm64.Build.0 = Debug|Any CPU
		{D0E9420B-C2D7-4556-9117-4F7C9009C0EE}.Debug|iPhone.ActiveCfg = Debug|Any CPU
		{D0E9420B-C2D7-4556-9117-4F7C9009C0EE}.Debug|iPhone.Build.0 = Debug|Any CPU
		{D0E9420B-C2D7-4556-9117-4F7C9009C0EE}.Debug|iPhoneSimulator.ActiveCfg = Debug|Any CPU
		{D0E9420B-C2D7-4556-9117-4F7C9009C0EE}.Debug|iPhoneSimulator.Build.0 = Debug|Any CPU
		{D0E9420B-C2D7-4556-9117-4F7C9009C0EE}.Debug|x64.ActiveCfg = Debug|Any CPU
		{D0E9420B-C2D7-4556-9117-4F7C9009C0EE}.Debug|x64.Build.0 = Debug|Any CPU
		{D0E9420B-C2D7-4556-9117-4F7C9009C0EE}.Debug|x86.ActiveCfg = Debug|Any CPU
		{D0E9420B-C2D7-4556-9117-4F7C9009C0EE}.Debug|x86.Build.0 = Debug|Any CPU
		{D0E9420B-C2D7-4556-9117-4F7C9009C0EE}.Release|Any CPU.ActiveCfg = Release|Any CPU
		{D0E9420B-C2D7-4556-9117-4F7C9009C0EE}.Release|Any CPU.Build.0 = Release|Any CPU
		{D0E9420B-C2D7-4556-9117-4F7C9009C0EE}.Release|ARM.ActiveCfg = Release|Any CPU
		{D0E9420B-C2D7-4556-9117-4F7C9009C0EE}.Release|ARM.Build.0 = Release|Any CPU
		{D0E9420B-C2D7-4556-9117-4F7C9009C0EE}.Release|arm64.ActiveCfg = Release|Any CPU
		{D0E9420B-C2D7-4556-9117-4F7C9009C0EE}.Release|arm64.Build.0 = Release|Any CPU
		{D0E9420B-C2D7-4556-9117-4F7C9009C0EE}.Release|iPhone.ActiveCfg = Release|Any CPU
		{D0E9420B-C2D7-4556-9117-4F7C9009C0EE}.Release|iPhone.Build.0 = Release|Any CPU
		{D0E9420B-C2D7-4556-9117-4F7C9009C0EE}.Release|iPhoneSimulator.ActiveCfg = Release|Any CPU
		{D0E9420B-C2D7-4556-9117-4F7C9009C0EE}.Release|iPhoneSimulator.Build.0 = Release|Any CPU
		{D0E9420B-C2D7-4556-9117-4F7C9009C0EE}.Release|x64.ActiveCfg = Release|Any CPU
		{D0E9420B-C2D7-4556-9117-4F7C9009C0EE}.Release|x64.Build.0 = Release|Any CPU
		{D0E9420B-C2D7-4556-9117-4F7C9009C0EE}.Release|x86.ActiveCfg = Release|Any CPU
		{D0E9420B-C2D7-4556-9117-4F7C9009C0EE}.Release|x86.Build.0 = Release|Any CPU
		{5B563D75-B77C-437F-92AE-0AE4BA3E4E52}.Ad-Hoc|Any CPU.ActiveCfg = Debug|Any CPU
		{5B563D75-B77C-437F-92AE-0AE4BA3E4E52}.Ad-Hoc|Any CPU.Build.0 = Debug|Any CPU
		{5B563D75-B77C-437F-92AE-0AE4BA3E4E52}.Ad-Hoc|Any CPU.Deploy.0 = Debug|Any CPU
		{5B563D75-B77C-437F-92AE-0AE4BA3E4E52}.Ad-Hoc|ARM.ActiveCfg = Debug|Any CPU
		{5B563D75-B77C-437F-92AE-0AE4BA3E4E52}.Ad-Hoc|ARM.Build.0 = Debug|Any CPU
		{5B563D75-B77C-437F-92AE-0AE4BA3E4E52}.Ad-Hoc|ARM.Deploy.0 = Debug|Any CPU
		{5B563D75-B77C-437F-92AE-0AE4BA3E4E52}.Ad-Hoc|arm64.ActiveCfg = Debug|Any CPU
		{5B563D75-B77C-437F-92AE-0AE4BA3E4E52}.Ad-Hoc|arm64.Build.0 = Debug|Any CPU
		{5B563D75-B77C-437F-92AE-0AE4BA3E4E52}.Ad-Hoc|arm64.Deploy.0 = Debug|Any CPU
		{5B563D75-B77C-437F-92AE-0AE4BA3E4E52}.Ad-Hoc|iPhone.ActiveCfg = Debug|Any CPU
		{5B563D75-B77C-437F-92AE-0AE4BA3E4E52}.Ad-Hoc|iPhone.Build.0 = Debug|Any CPU
		{5B563D75-B77C-437F-92AE-0AE4BA3E4E52}.Ad-Hoc|iPhone.Deploy.0 = Debug|Any CPU
		{5B563D75-B77C-437F-92AE-0AE4BA3E4E52}.Ad-Hoc|iPhoneSimulator.ActiveCfg = Debug|Any CPU
		{5B563D75-B77C-437F-92AE-0AE4BA3E4E52}.Ad-Hoc|iPhoneSimulator.Build.0 = Debug|Any CPU
		{5B563D75-B77C-437F-92AE-0AE4BA3E4E52}.Ad-Hoc|iPhoneSimulator.Deploy.0 = Debug|Any CPU
		{5B563D75-B77C-437F-92AE-0AE4BA3E4E52}.Ad-Hoc|x64.ActiveCfg = Debug|Any CPU
		{5B563D75-B77C-437F-92AE-0AE4BA3E4E52}.Ad-Hoc|x64.Build.0 = Debug|Any CPU
		{5B563D75-B77C-437F-92AE-0AE4BA3E4E52}.Ad-Hoc|x64.Deploy.0 = Debug|Any CPU
		{5B563D75-B77C-437F-92AE-0AE4BA3E4E52}.Ad-Hoc|x86.ActiveCfg = Debug|Any CPU
		{5B563D75-B77C-437F-92AE-0AE4BA3E4E52}.Ad-Hoc|x86.Build.0 = Debug|Any CPU
		{5B563D75-B77C-437F-92AE-0AE4BA3E4E52}.Ad-Hoc|x86.Deploy.0 = Debug|Any CPU
		{5B563D75-B77C-437F-92AE-0AE4BA3E4E52}.AppStore|Any CPU.ActiveCfg = Debug|Any CPU
		{5B563D75-B77C-437F-92AE-0AE4BA3E4E52}.AppStore|Any CPU.Build.0 = Debug|Any CPU
		{5B563D75-B77C-437F-92AE-0AE4BA3E4E52}.AppStore|Any CPU.Deploy.0 = Debug|Any CPU
		{5B563D75-B77C-437F-92AE-0AE4BA3E4E52}.AppStore|ARM.ActiveCfg = Debug|Any CPU
		{5B563D75-B77C-437F-92AE-0AE4BA3E4E52}.AppStore|ARM.Build.0 = Debug|Any CPU
		{5B563D75-B77C-437F-92AE-0AE4BA3E4E52}.AppStore|ARM.Deploy.0 = Debug|Any CPU
		{5B563D75-B77C-437F-92AE-0AE4BA3E4E52}.AppStore|arm64.ActiveCfg = Debug|Any CPU
		{5B563D75-B77C-437F-92AE-0AE4BA3E4E52}.AppStore|arm64.Build.0 = Debug|Any CPU
		{5B563D75-B77C-437F-92AE-0AE4BA3E4E52}.AppStore|arm64.Deploy.0 = Debug|Any CPU
		{5B563D75-B77C-437F-92AE-0AE4BA3E4E52}.AppStore|iPhone.ActiveCfg = Debug|Any CPU
		{5B563D75-B77C-437F-92AE-0AE4BA3E4E52}.AppStore|iPhone.Build.0 = Debug|Any CPU
		{5B563D75-B77C-437F-92AE-0AE4BA3E4E52}.AppStore|iPhone.Deploy.0 = Debug|Any CPU
		{5B563D75-B77C-437F-92AE-0AE4BA3E4E52}.AppStore|iPhoneSimulator.ActiveCfg = Debug|Any CPU
		{5B563D75-B77C-437F-92AE-0AE4BA3E4E52}.AppStore|iPhoneSimulator.Build.0 = Debug|Any CPU
		{5B563D75-B77C-437F-92AE-0AE4BA3E4E52}.AppStore|iPhoneSimulator.Deploy.0 = Debug|Any CPU
		{5B563D75-B77C-437F-92AE-0AE4BA3E4E52}.AppStore|x64.ActiveCfg = Debug|Any CPU
		{5B563D75-B77C-437F-92AE-0AE4BA3E4E52}.AppStore|x64.Build.0 = Debug|Any CPU
		{5B563D75-B77C-437F-92AE-0AE4BA3E4E52}.AppStore|x64.Deploy.0 = Debug|Any CPU
		{5B563D75-B77C-437F-92AE-0AE4BA3E4E52}.AppStore|x86.ActiveCfg = Debug|Any CPU
		{5B563D75-B77C-437F-92AE-0AE4BA3E4E52}.AppStore|x86.Build.0 = Debug|Any CPU
		{5B563D75-B77C-437F-92AE-0AE4BA3E4E52}.AppStore|x86.Deploy.0 = Debug|Any CPU
		{5B563D75-B77C-437F-92AE-0AE4BA3E4E52}.Debug|Any CPU.ActiveCfg = Debug|Any CPU
		{5B563D75-B77C-437F-92AE-0AE4BA3E4E52}.Debug|Any CPU.Build.0 = Debug|Any CPU
		{5B563D75-B77C-437F-92AE-0AE4BA3E4E52}.Debug|Any CPU.Deploy.0 = Debug|Any CPU
		{5B563D75-B77C-437F-92AE-0AE4BA3E4E52}.Debug|ARM.ActiveCfg = Debug|Any CPU
		{5B563D75-B77C-437F-92AE-0AE4BA3E4E52}.Debug|ARM.Build.0 = Debug|Any CPU
		{5B563D75-B77C-437F-92AE-0AE4BA3E4E52}.Debug|ARM.Deploy.0 = Debug|Any CPU
		{5B563D75-B77C-437F-92AE-0AE4BA3E4E52}.Debug|arm64.ActiveCfg = Debug|Any CPU
		{5B563D75-B77C-437F-92AE-0AE4BA3E4E52}.Debug|arm64.Build.0 = Debug|Any CPU
		{5B563D75-B77C-437F-92AE-0AE4BA3E4E52}.Debug|arm64.Deploy.0 = Debug|Any CPU
		{5B563D75-B77C-437F-92AE-0AE4BA3E4E52}.Debug|iPhone.ActiveCfg = Debug|Any CPU
		{5B563D75-B77C-437F-92AE-0AE4BA3E4E52}.Debug|iPhone.Build.0 = Debug|Any CPU
		{5B563D75-B77C-437F-92AE-0AE4BA3E4E52}.Debug|iPhone.Deploy.0 = Debug|Any CPU
		{5B563D75-B77C-437F-92AE-0AE4BA3E4E52}.Debug|iPhoneSimulator.ActiveCfg = Debug|Any CPU
		{5B563D75-B77C-437F-92AE-0AE4BA3E4E52}.Debug|iPhoneSimulator.Build.0 = Debug|Any CPU
		{5B563D75-B77C-437F-92AE-0AE4BA3E4E52}.Debug|iPhoneSimulator.Deploy.0 = Debug|Any CPU
		{5B563D75-B77C-437F-92AE-0AE4BA3E4E52}.Debug|x64.ActiveCfg = Debug|Any CPU
		{5B563D75-B77C-437F-92AE-0AE4BA3E4E52}.Debug|x64.Build.0 = Debug|Any CPU
		{5B563D75-B77C-437F-92AE-0AE4BA3E4E52}.Debug|x64.Deploy.0 = Debug|Any CPU
		{5B563D75-B77C-437F-92AE-0AE4BA3E4E52}.Debug|x86.ActiveCfg = Debug|Any CPU
		{5B563D75-B77C-437F-92AE-0AE4BA3E4E52}.Debug|x86.Build.0 = Debug|Any CPU
		{5B563D75-B77C-437F-92AE-0AE4BA3E4E52}.Debug|x86.Deploy.0 = Debug|Any CPU
		{5B563D75-B77C-437F-92AE-0AE4BA3E4E52}.Release|Any CPU.ActiveCfg = Release|Any CPU
		{5B563D75-B77C-437F-92AE-0AE4BA3E4E52}.Release|Any CPU.Build.0 = Release|Any CPU
		{5B563D75-B77C-437F-92AE-0AE4BA3E4E52}.Release|Any CPU.Deploy.0 = Release|Any CPU
		{5B563D75-B77C-437F-92AE-0AE4BA3E4E52}.Release|ARM.ActiveCfg = Release|Any CPU
		{5B563D75-B77C-437F-92AE-0AE4BA3E4E52}.Release|ARM.Build.0 = Release|Any CPU
		{5B563D75-B77C-437F-92AE-0AE4BA3E4E52}.Release|ARM.Deploy.0 = Release|Any CPU
		{5B563D75-B77C-437F-92AE-0AE4BA3E4E52}.Release|arm64.ActiveCfg = Release|Any CPU
		{5B563D75-B77C-437F-92AE-0AE4BA3E4E52}.Release|arm64.Build.0 = Release|Any CPU
		{5B563D75-B77C-437F-92AE-0AE4BA3E4E52}.Release|arm64.Deploy.0 = Release|Any CPU
		{5B563D75-B77C-437F-92AE-0AE4BA3E4E52}.Release|iPhone.ActiveCfg = Release|Any CPU
		{5B563D75-B77C-437F-92AE-0AE4BA3E4E52}.Release|iPhone.Build.0 = Release|Any CPU
		{5B563D75-B77C-437F-92AE-0AE4BA3E4E52}.Release|iPhone.Deploy.0 = Release|Any CPU
		{5B563D75-B77C-437F-92AE-0AE4BA3E4E52}.Release|iPhoneSimulator.ActiveCfg = Release|Any CPU
		{5B563D75-B77C-437F-92AE-0AE4BA3E4E52}.Release|iPhoneSimulator.Build.0 = Release|Any CPU
		{5B563D75-B77C-437F-92AE-0AE4BA3E4E52}.Release|iPhoneSimulator.Deploy.0 = Release|Any CPU
		{5B563D75-B77C-437F-92AE-0AE4BA3E4E52}.Release|x64.ActiveCfg = Release|Any CPU
		{5B563D75-B77C-437F-92AE-0AE4BA3E4E52}.Release|x64.Build.0 = Release|Any CPU
		{5B563D75-B77C-437F-92AE-0AE4BA3E4E52}.Release|x64.Deploy.0 = Release|Any CPU
		{5B563D75-B77C-437F-92AE-0AE4BA3E4E52}.Release|x86.ActiveCfg = Release|Any CPU
		{5B563D75-B77C-437F-92AE-0AE4BA3E4E52}.Release|x86.Build.0 = Release|Any CPU
		{5B563D75-B77C-437F-92AE-0AE4BA3E4E52}.Release|x86.Deploy.0 = Release|Any CPU
		{592409B0-CDA6-46DA-A5EF-018FE9CFEAFE}.Ad-Hoc|Any CPU.ActiveCfg = Debug|Any CPU
		{592409B0-CDA6-46DA-A5EF-018FE9CFEAFE}.Ad-Hoc|Any CPU.Build.0 = Debug|Any CPU
		{592409B0-CDA6-46DA-A5EF-018FE9CFEAFE}.Ad-Hoc|ARM.ActiveCfg = Debug|Any CPU
		{592409B0-CDA6-46DA-A5EF-018FE9CFEAFE}.Ad-Hoc|ARM.Build.0 = Debug|Any CPU
		{592409B0-CDA6-46DA-A5EF-018FE9CFEAFE}.Ad-Hoc|arm64.ActiveCfg = Debug|Any CPU
		{592409B0-CDA6-46DA-A5EF-018FE9CFEAFE}.Ad-Hoc|arm64.Build.0 = Debug|Any CPU
		{592409B0-CDA6-46DA-A5EF-018FE9CFEAFE}.Ad-Hoc|iPhone.ActiveCfg = Debug|Any CPU
		{592409B0-CDA6-46DA-A5EF-018FE9CFEAFE}.Ad-Hoc|iPhone.Build.0 = Debug|Any CPU
		{592409B0-CDA6-46DA-A5EF-018FE9CFEAFE}.Ad-Hoc|iPhoneSimulator.ActiveCfg = Debug|Any CPU
		{592409B0-CDA6-46DA-A5EF-018FE9CFEAFE}.Ad-Hoc|iPhoneSimulator.Build.0 = Debug|Any CPU
		{592409B0-CDA6-46DA-A5EF-018FE9CFEAFE}.Ad-Hoc|x64.ActiveCfg = Debug|Any CPU
		{592409B0-CDA6-46DA-A5EF-018FE9CFEAFE}.Ad-Hoc|x64.Build.0 = Debug|Any CPU
		{592409B0-CDA6-46DA-A5EF-018FE9CFEAFE}.Ad-Hoc|x86.ActiveCfg = Debug|Any CPU
		{592409B0-CDA6-46DA-A5EF-018FE9CFEAFE}.Ad-Hoc|x86.Build.0 = Debug|Any CPU
		{592409B0-CDA6-46DA-A5EF-018FE9CFEAFE}.AppStore|Any CPU.ActiveCfg = Debug|Any CPU
		{592409B0-CDA6-46DA-A5EF-018FE9CFEAFE}.AppStore|Any CPU.Build.0 = Debug|Any CPU
		{592409B0-CDA6-46DA-A5EF-018FE9CFEAFE}.AppStore|ARM.ActiveCfg = Debug|Any CPU
		{592409B0-CDA6-46DA-A5EF-018FE9CFEAFE}.AppStore|ARM.Build.0 = Debug|Any CPU
		{592409B0-CDA6-46DA-A5EF-018FE9CFEAFE}.AppStore|arm64.ActiveCfg = Debug|Any CPU
		{592409B0-CDA6-46DA-A5EF-018FE9CFEAFE}.AppStore|arm64.Build.0 = Debug|Any CPU
		{592409B0-CDA6-46DA-A5EF-018FE9CFEAFE}.AppStore|iPhone.ActiveCfg = Debug|Any CPU
		{592409B0-CDA6-46DA-A5EF-018FE9CFEAFE}.AppStore|iPhone.Build.0 = Debug|Any CPU
		{592409B0-CDA6-46DA-A5EF-018FE9CFEAFE}.AppStore|iPhoneSimulator.ActiveCfg = Debug|Any CPU
		{592409B0-CDA6-46DA-A5EF-018FE9CFEAFE}.AppStore|iPhoneSimulator.Build.0 = Debug|Any CPU
		{592409B0-CDA6-46DA-A5EF-018FE9CFEAFE}.AppStore|x64.ActiveCfg = Debug|Any CPU
		{592409B0-CDA6-46DA-A5EF-018FE9CFEAFE}.AppStore|x64.Build.0 = Debug|Any CPU
		{592409B0-CDA6-46DA-A5EF-018FE9CFEAFE}.AppStore|x86.ActiveCfg = Debug|Any CPU
		{592409B0-CDA6-46DA-A5EF-018FE9CFEAFE}.AppStore|x86.Build.0 = Debug|Any CPU
		{592409B0-CDA6-46DA-A5EF-018FE9CFEAFE}.Debug|Any CPU.ActiveCfg = Debug|Any CPU
		{592409B0-CDA6-46DA-A5EF-018FE9CFEAFE}.Debug|Any CPU.Build.0 = Debug|Any CPU
		{592409B0-CDA6-46DA-A5EF-018FE9CFEAFE}.Debug|ARM.ActiveCfg = Debug|Any CPU
		{592409B0-CDA6-46DA-A5EF-018FE9CFEAFE}.Debug|ARM.Build.0 = Debug|Any CPU
		{592409B0-CDA6-46DA-A5EF-018FE9CFEAFE}.Debug|arm64.ActiveCfg = Debug|Any CPU
		{592409B0-CDA6-46DA-A5EF-018FE9CFEAFE}.Debug|arm64.Build.0 = Debug|Any CPU
		{592409B0-CDA6-46DA-A5EF-018FE9CFEAFE}.Debug|iPhone.ActiveCfg = Debug|Any CPU
		{592409B0-CDA6-46DA-A5EF-018FE9CFEAFE}.Debug|iPhone.Build.0 = Debug|Any CPU
		{592409B0-CDA6-46DA-A5EF-018FE9CFEAFE}.Debug|iPhoneSimulator.ActiveCfg = Debug|Any CPU
		{592409B0-CDA6-46DA-A5EF-018FE9CFEAFE}.Debug|iPhoneSimulator.Build.0 = Debug|Any CPU
		{592409B0-CDA6-46DA-A5EF-018FE9CFEAFE}.Debug|x64.ActiveCfg = Debug|Any CPU
		{592409B0-CDA6-46DA-A5EF-018FE9CFEAFE}.Debug|x64.Build.0 = Debug|Any CPU
		{592409B0-CDA6-46DA-A5EF-018FE9CFEAFE}.Debug|x86.ActiveCfg = Debug|Any CPU
		{592409B0-CDA6-46DA-A5EF-018FE9CFEAFE}.Debug|x86.Build.0 = Debug|Any CPU
		{592409B0-CDA6-46DA-A5EF-018FE9CFEAFE}.Release|Any CPU.ActiveCfg = Release|Any CPU
		{592409B0-CDA6-46DA-A5EF-018FE9CFEAFE}.Release|Any CPU.Build.0 = Release|Any CPU
		{592409B0-CDA6-46DA-A5EF-018FE9CFEAFE}.Release|ARM.ActiveCfg = Release|Any CPU
		{592409B0-CDA6-46DA-A5EF-018FE9CFEAFE}.Release|ARM.Build.0 = Release|Any CPU
		{592409B0-CDA6-46DA-A5EF-018FE9CFEAFE}.Release|arm64.ActiveCfg = Release|Any CPU
		{592409B0-CDA6-46DA-A5EF-018FE9CFEAFE}.Release|arm64.Build.0 = Release|Any CPU
		{592409B0-CDA6-46DA-A5EF-018FE9CFEAFE}.Release|iPhone.ActiveCfg = Release|Any CPU
		{592409B0-CDA6-46DA-A5EF-018FE9CFEAFE}.Release|iPhone.Build.0 = Release|Any CPU
		{592409B0-CDA6-46DA-A5EF-018FE9CFEAFE}.Release|iPhoneSimulator.ActiveCfg = Release|Any CPU
		{592409B0-CDA6-46DA-A5EF-018FE9CFEAFE}.Release|iPhoneSimulator.Build.0 = Release|Any CPU
		{592409B0-CDA6-46DA-A5EF-018FE9CFEAFE}.Release|x64.ActiveCfg = Release|Any CPU
		{592409B0-CDA6-46DA-A5EF-018FE9CFEAFE}.Release|x64.Build.0 = Release|Any CPU
		{592409B0-CDA6-46DA-A5EF-018FE9CFEAFE}.Release|x86.ActiveCfg = Release|Any CPU
		{592409B0-CDA6-46DA-A5EF-018FE9CFEAFE}.Release|x86.Build.0 = Release|Any CPU
	EndGlobalSection
	GlobalSection(SolutionProperties) = preSolution
		HideSolutionNode = FALSE
	EndGlobalSection
	GlobalSection(NestedProjects) = preSolution
		{299BCEF9-2A16-4AA0-81EE-1DC075F18FED} = {4F0AFDCA-C6AB-43A5-9F52-C271DCDC46FD}
		{D0E9420B-C2D7-4556-9117-4F7C9009C0EE} = {35FA98C1-AC74-4622-8B8E-1C92BD12F18E}
		{5B563D75-B77C-437F-92AE-0AE4BA3E4E52} = {4F0AFDCA-C6AB-43A5-9F52-C271DCDC46FD}
	EndGlobalSection
	GlobalSection(ExtensibilityGlobals) = postSolution
		SolutionGuid = {BCCD19D6-0567-4462-A494-5848BD95715F}
	EndGlobalSection
EndGlobal
